
Microsoft Visual Studio Solution File, Format Version 12.00
# Visual Studio Version 16
VisualStudioVersion = 16.0.31624.102
MinimumVisualStudioVersion = 10.0.40219.1
Project("{9A19103F-16F7-4668-BE54-9A1E7A4F7556}") = "BalckJack_Wpf", "WpfApp2\BalckJack_Wpf.csproj", "{CD61BE18-3281-469F-894B-1E2072C214F4}"
EndProject
Global
	GlobalSection(SolutionConfigurationPlatforms) = preSolution
		Debug|Any CPU = Debug|Any CPU
		Release|Any CPU = Release|Any CPU
	EndGlobalSection
	GlobalSection(ProjectConfigurationPlatforms) = postSolution
		{CD61BE18-3281-469F-894B-1E2072C214F4}.Debug|Any CPU.ActiveCfg = Debug|Any CPU
		{CD61BE18-3281-469F-894B-1E2072C214F4}.Debug|Any CPU.Build.0 = Debug|Any CPU
		{CD61BE18-3281-469F-894B-1E2072C214F4}.Release|Any CPU.ActiveCfg = Release|Any CPU
		{CD61BE18-3281-469F-894B-1E2072C214F4}.Release|Any CPU.Build.0 = Release|Any CPU
	EndGlobalSection
	GlobalSection(SolutionProperties) = preSolution
		HideSolutionNode = FALSE
	EndGlobalSection
	GlobalSection(ExtensibilityGlobals) = postSolution
		SolutionGuid = {71AE7445-E98B-4237-A97F-9893F6B8B298}
	EndGlobalSection
EndGlobal
